
Microsoft Visual Studio Solution File, Format Version 12.00
# Visual Studio Version 16
VisualStudioVersion = 16.0.33130.400
MinimumVisualStudioVersion = 10.0.40219.1
Project("{FAE04EC0-301F-11D3-BF4B-00C04F79EFBC}") = "ImplementNlog", "ImplementNlog\ImplementNlog.csproj", "{DBBA163D-401A-41F0-A2C6-1C8321F82463}"
EndProject
Global
	GlobalSection(SolutionConfigurationPlatforms) = preSolution
		Debug|Any CPU = Debug|Any CPU
		Release|Any CPU = Release|Any CPU
	EndGlobalSection
	GlobalSection(ProjectConfigurationPlatforms) = postSolution
		{DBBA163D-401A-41F0-A2C6-1C8321F82463}.Debug|Any CPU.ActiveCfg = Debug|Any CPU
		{DBBA163D-401A-41F0-A2C6-1C8321F82463}.Debug|Any CPU.Build.0 = Debug|Any CPU
		{DBBA163D-401A-41F0-A2C6-1C8321F82463}.Release|Any CPU.ActiveCfg = Release|Any CPU
		{DBBA163D-401A-41F0-A2C6-1C8321F82463}.Release|Any CPU.Build.0 = Release|Any CPU
	EndGlobalSection
	GlobalSection(SolutionProperties) = preSolution
		HideSolutionNode = FALSE
	EndGlobalSection
	GlobalSection(ExtensibilityGlobals) = postSolution
		SolutionGuid = {5ED491F2-FAFA-4693-A40A-06940E4A188D}
	EndGlobalSection
EndGlobal
